
Microsoft Visual Studio Solution File, Format Version 12.00
# Visual Studio Version 16
VisualStudioVersion = 25.0.1700.6
MinimumVisualStudioVersion = 10.0.40219.1
Project("{FAE04EC0-301F-11D3-BF4B-00C04F79EFBC}") = "CMP1005-JobTracker", "CMP1005-JobTracker\CMP1005-JobTracker.csproj", "{D265EC84-9D5E-4133-AF68-759182980538}"
EndProject
Global
	GlobalSection(SolutionConfigurationPlatforms) = preSolution
		Debug|Any CPU = Debug|Any CPU
		Release|Any CPU = Release|Any CPU
	EndGlobalSection
	GlobalSection(ProjectConfigurationPlatforms) = postSolution
		{D265EC84-9D5E-4133-AF68-759182980538}.Debug|Any CPU.ActiveCfg = Debug|Any CPU
		{D265EC84-9D5E-4133-AF68-759182980538}.Debug|Any CPU.Build.0 = Debug|Any CPU
		{D265EC84-9D5E-4133-AF68-759182980538}.Release|Any CPU.ActiveCfg = Release|Any CPU
		{D265EC84-9D5E-4133-AF68-759182980538}.Release|Any CPU.Build.0 = Release|Any CPU
	EndGlobalSection
	GlobalSection(SolutionProperties) = preSolution
		HideSolutionNode = FALSE
	EndGlobalSection
	GlobalSection(ExtensibilityGlobals) = postSolution
		SolutionGuid = {FB9434E1-D5CA-4DA4-A8B3-8A527B3EA6D7}
	EndGlobalSection
EndGlobal
